PODS:
  - Firebase/CoreOnly (10.2.0):
    - FirebaseCore (= 10.2.0)
  - Firebase/MLModelDownloader (10.2.0):
    - Firebase/CoreOnly
    - FirebaseMLModelDownloader (~> 10.2.0-beta)
  - firebase_core (2.3.0):
    - Firebase/CoreOnly (= 10.2.0)
    - Flutter
  - firebase_ml_model_downloader (0.2.0-5):
    - Firebase/MLModelDownloader (= 10.2.0)
    - firebase_core
    - Flutter
  - FirebaseCore (10.2.0):
    - FirebaseCoreInternal (~> 10.0)
    - GoogleUtilities/Environment (~> 7.8)
    - GoogleUtilities/Logger (~> 7.8)
  - FirebaseCoreInternal (10.2.0):
    - "GoogleUtilities/NSData+zlib (~> 7.8)"
  - FirebaseInstallations (10.2.0):
    - FirebaseCore (~> 10.0)
    - GoogleUtilities/Environment (~> 7.8)
    - GoogleUtilities/UserDefaults (~> 7.8)
    - PromisesObjC (~> 2.1)
  - FirebaseMLModelDownloader (10.2.0-beta):
    - FirebaseCore (~> 10.0)
    - FirebaseInstallations (~> 10.0)
    - GoogleDataTransport (~> 9.2)
    - GoogleUtilities/Logger (~> 7.8)
    - SwiftProtobuf (~> 1.19)
  - Flutter (1.0.0)
  - GoogleDataTransport (9.2.0):
    - GoogleUtilities/Environment (~> 7.7)
    - nanopb (< 2.30910.0, >= 2.30908.0)
    - PromisesObjC (< 3.0, >= 1.2)
  - GoogleUtilities/Environment (7.10.0):
    - PromisesObjC (< 3.0, >= 1.2)
  - GoogleUtilities/Logger (7.10.0):
    - GoogleUtilities/Environment
  - "GoogleUtilities/NSData+zlib (7.10.0)"
  - GoogleUtilities/UserDefaults (7.10.0):
    - GoogleUtilities/Logger
  - here_sdk (4.12.10.0.9931.release):
    - Flutter
  - nanopb (2.30909.0):
    - nanopb/decode (= 2.30909.0)
    - nanopb/encode (= 2.30909.0)
  - nanopb/decode (2.30909.0)
  - nanopb/encode (2.30909.0)
  - PromisesObjC (2.1.1)
  - SwiftProtobuf (1.20.3)

DEPENDENCIES:
  - firebase_core (from `.symlinks/plugins/firebase_core/ios`)
  - firebase_ml_model_downloader (from `.symlinks/plugins/firebase_ml_model_downloader/ios`)
  - Flutter (from `Flutter`)
  - here_sdk (from `.symlinks/plugins/here_sdk/ios`)

SPEC REPOS:
  trunk:
    - Firebase
    - FirebaseCore
    - FirebaseCoreInternal
    - FirebaseInstallations
    - FirebaseMLModelDownloader
    - GoogleDataTransport
    - GoogleUtilities
    - nanopb
    - PromisesObjC
    - SwiftProtobuf

EXTERNAL SOURCES:
  firebase_core:
    :path: ".symlinks/plugins/firebase_core/ios"
  firebase_ml_model_downloader:
    :path: ".symlinks/plugins/firebase_ml_model_downloader/ios"
  Flutter:
    :path: Flutter
  here_sdk:
    :path: ".symlinks/plugins/here_sdk/ios"

SPEC CHECKSUMS:
  Firebase: a3ea7eba4382afd83808376edb99acdaff078dcf
  firebase_core: db1432de826785171029b7c1a26e5b22ce1dd477
  firebase_ml_model_downloader: 51e3d547e198d252eee2ce0637ff4d139d9a3bd3
  FirebaseCore: 813838072b797b64f529f3c2ee35e696e5641dd1
  FirebaseCoreInternal: 091bde13e47bb1c5e9fe397634f3593dc390430f
  FirebaseInstallations: 004915af170935e3a583faefd5f8bc851afc220f
  FirebaseMLModelDownloader: c98ed5b10e53b41e7e78a5f9ad3d226cadb122cc
  Flutter: f04841e97a9d0b0a8025694d0796dd46242b2854
  GoogleDataTransport: 1c8145da7117bd68bbbed00cf304edb6a24de00f
  GoogleUtilities: bad72cb363809015b1f7f19beb1f1cd23c589f95
  here_sdk: 4a8ceb34fed974d6e606c8f46659531719b6b287
  nanopb: b552cce312b6c8484180ef47159bc0f65a1f0431
  PromisesObjC: ab77feca74fa2823e7af4249b8326368e61014cb
  SwiftProtobuf: b02b5075dcf60c9f5f403000b3b0c202a11b6ae1

PODFILE CHECKSUM: ef19549a9bc3046e7bb7d2fab4d021637c0c58a3

COCOAPODS: 1.11.3
